Microsoft Visual Studio Solution File, Format Version 12.00
# Visual Studio Version 17
VisualStudioVersion = 17.0.31903.59
MinimumVisualStudioVersion = 10.0.40219.1
Project("{2150E333-8FDC-42A3-9474-1A3956D46DE8}") = "src", "src", "{E64F4F8A-7E99-4C8E-8F4B-2E7A89D5F7C8}"
EndProject
Project("{2150E333-8FDC-42A3-9474-1A3956D46DE8}") = "Services", "Services", "{6F4A8E2A-9B5C-4D3E-8F9A-1B2C3D4E5F6A}"
EndProject
Project("{2150E333-8FDC-42A3-9474-1A3956D46DE8}") = "Inventory", "Inventory", "{7A5B8C2D-1E4F-4G8H-9I2J-3K4L5M6N7O8P}"
EndProject
Project("{2150E333-8FDC-42A3-9474-1A3956D46DE8}") = "Sales", "Sales", "{8B6C9D3E-2F5G-5H9I-0J3K-4L5M6N7O8P9Q}"
EndProject
Project("{2150E333-8FDC-42A3-9474-1A3956D46DE8}") = "Authentication", "Authentication", "{9C7D0E4F-3G6H-6I0J-1K4L-5M6N7O8P9Q0R}"
EndProject
Project("{2150E333-8FDC-42A3-9474-1A3956D46DE8}") = "Gateway", "Gateway", "{0D8E1F5G-4H7I-7J1K-2L5M-6N7O8P9Q0R1S}"
EndProject
Project("{2150E333-8FDC-42A3-9474-1A3956D46DE8}") = "Shared", "Shared", "{1E9F2G6H-5I8J-8K2L-3M6N-7O8P9Q0R1S2T}"
EndProject
Project("{2150E333-8FDC-42A3-9474-1A3956D46DE8}") = "tests", "tests", "{2F0G3H7I-6J9K-9L3M-4N7O-8P9Q0R1S2T3U}"
EndProject
Project("{FAE04EC0-301F-11D3-BF4B-00C04F79EFBC}") = "Inventory.API", "src\Services\Inventory\Inventory.API\Inventory.API.csproj", "{3G1H4I8J-7K0L-0M4N-5O8P-9Q0R1S2T3U4V}"
EndProject
Project("{FAE04EC0-301F-11D3-BF4B-00C04F79EFBC}") = "Inventory.Core", "src\Services\Inventory\Inventory.Core\Inventory.Core.csproj", "{4H2I5J9K-8L1M-1N5O-6P9Q-0R1S2T3U4V5W}"
EndProject
Project("{FAE04EC0-301F-11D3-BF4B-00C04F79EFBC}") = "Inventory.Infrastructure", "src\Services\Inventory\Inventory.Infrastructure\Inventory.Infrastructure.csproj", "{5I3J6K0L-9M2N-2O6P-7Q0R-1S2T3U4V5W6X}"
EndProject
Project("{FAE04EC0-301F-11D3-BF4B-00C04F79EFBC}") = "Sales.API", "src\Services\Sales\Sales.API\Sales.API.csproj", "{6J4K7L1M-0N3O-3P7Q-8R1S-2T3U4V5W6X7Y}"
EndProject
Project("{FAE04EC0-301F-11D3-BF4B-00C04F79EFBC}") = "Sales.Core", "src\Services\Sales\Sales.Core\Sales.Core.csproj", "{7K5L8M2N-1O4P-4Q8R-9S2T-3U4V5W6X7Y8Z}"
EndProject
Project("{FAE04EC0-301F-11D3-BF4B-00C04F79EFBC}") = "Sales.Infrastructure", "src\Services\Sales\Sales.Infrastructure\Sales.Infrastructure.csproj", "{8L6M9N3O-2P5Q-5R9S-0T3U-4V5W6X7Y8Z9A}"
EndProject
Project("{FAE04EC0-301F-11D3-BF4B-00C04F79EFBC}") = "Auth.API", "src\Services\Authentication\Auth.API\Auth.API.csproj", "{9M7N0O4P-3Q6R-6S0T-1U4V-5W6X7Y8Z9A0B}"
EndProject
Project("{FAE04EC0-301F-11D3-BF4B-00C04F79EFBC}") = "ApiGateway", "src\Services\Gateway\ApiGateway\ApiGateway.csproj", "{0N8O1P5Q-4R7S-7T1U-2V5W-6X7Y8Z9A0B1C}"
EndProject
Project("{FAE04EC0-301F-11D3-BF4B-00C04F79EFBC}") = "Common", "src\Shared\Common\Common.csproj", "{1O9P2Q6R-5S8T-8U2V-3W6X-7Y8Z9A0B1C2D}"
EndProject
Project("{FAE04EC0-301F-11D3-BF4B-00C04F79EFBC}") = "EventBus", "src\Shared\EventBus\EventBus.csproj", "{2P0Q3R7S-6T9U-9V3W-4X7Y-8Z9A0B1C2D3E}"
EndProject
Project("{FAE04EC0-301F-11D3-BF4B-00C04F79EFBC}") = "Contracts", "src\Shared\Contracts\Contracts.csproj", "{3Q1R4S8T-7U0V-0W4X-5Y8Z-9A0B1C2D3E4F}"
EndProject
Project("{FAE04EC0-301F-11D3-BF4B-00C04F79EFBC}") = "Inventory.Tests", "tests\Inventory.Tests\Inventory.Tests.csproj", "{38423635-E496-45C9-B69D-9CB89104C25E}"
EndProject
Global
	GlobalSection(SolutionConfigurationPlatforms) = preSolution
		Debug|Any CPU = Debug|Any CPU
		Release|Any CPU = Release|Any CPU
	EndGlobalSection
	GlobalSection(ProjectConfigurationPlatforms) = postSolution
		{3G1H4I8J-7K0L-0M4N-5O8P-9Q0R1S2T3U4V}.Debug|Any CPU.ActiveCfg = Debug|Any CPU
		{3G1H4I8J-7K0L-0M4N-5O8P-9Q0R1S2T3U4V}.Debug|Any CPU.Build.0 = Debug|Any CPU
		{3G1H4I8J-7K0L-0M4N-5O8P-9Q0R1S2T3U4V}.Release|Any CPU.ActiveCfg = Release|Any CPU
		{3G1H4I8J-7K0L-0M4N-5O8P-9Q0R1S2T3U4V}.Release|Any CPU.Build.0 = Release|Any CPU
		{4H2I5J9K-8L1M-1N5O-6P9Q-0R1S2T3U4V5W}.Debug|Any CPU.ActiveCfg = Debug|Any CPU
		{4H2I5J9K-8L1M-1N5O-6P9Q-0R1S2T3U4V5W}.Debug|Any CPU.Build.0 = Debug|Any CPU
		{4H2I5J9K-8L1M-1N5O-6P9Q-0R1S2T3U4V5W}.Release|Any CPU.ActiveCfg = Release|Any CPU
		{4H2I5J9K-8L1M-1N5O-6P9Q-0R1S2T3U4V5W}.Release|Any CPU.Build.0 = Release|Any CPU
		{5I3J6K0L-9M2N-2O6P-7Q0R-1S2T3U4V5W6X}.Debug|Any CPU.ActiveCfg = Debug|Any CPU
		{5I3J6K0L-9M2N-2O6P-7Q0R-1S2T3U4V5W6X}.Debug|Any CPU.Build.0 = Debug|Any CPU
		{5I3J6K0L-9M2N-2O6P-7Q0R-1S2T3U4V5W6X}.Release|Any CPU.ActiveCfg = Release|Any CPU
		{5I3J6K0L-9M2N-2O6P-7Q0R-1S2T3U4V5W6X}.Release|Any CPU.Build.0 = Release|Any CPU
		{6J4K7L1M-0N3O-3P7Q-8R1S-2T3U4V5W6X7Y}.Debug|Any CPU.ActiveCfg = Debug|Any CPU
		{6J4K7L1M-0N3O-3P7Q-8R1S-2T3U4V5W6X7Y}.Debug|Any CPU.Build.0 = Debug|Any CPU
		{6J4K7L1M-0N3O-3P7Q-8R1S-2T3U4V5W6X7Y}.Release|Any CPU.ActiveCfg = Release|Any CPU
		{6J4K7L1M-0N3O-3P7Q-8R1S-2T3U4V5W6X7Y}.Release|Any CPU.Build.0 = Release|Any CPU
		{7K5L8M2N-1O4P-4Q8R-9S2T-3U4V5W6X7Y8Z}.Debug|Any CPU.ActiveCfg = Debug|Any CPU
		{7K5L8M2N-1O4P-4Q8R-9S2T-3U4V5W6X7Y8Z}.Debug|Any CPU.Build.0 = Debug|Any CPU
		{7K5L8M2N-1O4P-4Q8R-9S2T-3U4V5W6X7Y8Z}.Release|Any CPU.ActiveCfg = Release|Any CPU
		{7K5L8M2N-1O4P-4Q8R-9S2T-3U4V5W6X7Y8Z}.Release|Any CPU.Build.0 = Release|Any CPU
		{8L6M9N3O-2P5Q-5R9S-0T3U-4V5W6X7Y8Z9A}.Debug|Any CPU.ActiveCfg = Debug|Any CPU
		{8L6M9N3O-2P5Q-5R9S-0T3U-4V5W6X7Y8Z9A}.Debug|Any CPU.Build.0 = Debug|Any CPU
		{8L6M9N3O-2P5Q-5R9S-0T3U-4V5W6X7Y8Z9A}.Release|Any CPU.ActiveCfg = Release|Any CPU
		{8L6M9N3O-2P5Q-5R9S-0T3U-4V5W6X7Y8Z9A}.Release|Any CPU.Build.0 = Release|Any CPU
		{9M7N0O4P-3Q6R-6S0T-1U4V-5W6X7Y8Z9A0B}.Debug|Any CPU.ActiveCfg = Debug|Any CPU
		{9M7N0O4P-3Q6R-6S0T-1U4V-5W6X7Y8Z9A0B}.Debug|Any CPU.Build.0 = Debug|Any CPU
		{9M7N0O4P-3Q6R-6S0T-1U4V-5W6X7Y8Z9A0B}.Release|Any CPU.ActiveCfg = Release|Any CPU
		{9M7N0O4P-3Q6R-6S0T-1U4V-5W6X7Y8Z9A0B}.Release|Any CPU.Build.0 = Release|Any CPU
		{0N8O1P5Q-4R7S-7T1U-2V5W-6X7Y8Z9A0B1C}.Debug|Any CPU.ActiveCfg = Debug|Any CPU
		{0N8O1P5Q-4R7S-7T1U-2V5W-6X7Y8Z9A0B1C}.Debug|Any CPU.Build.0 = Debug|Any CPU
		{0N8O1P5Q-4R7S-7T1U-2V5W-6X7Y8Z9A0B1C}.Release|Any CPU.ActiveCfg = Release|Any CPU
		{0N8O1P5Q-4R7S-7T1U-2V5W-6X7Y8Z9A0B1C}.Release|Any CPU.Build.0 = Release|Any CPU
		{1O9P2Q6R-5S8T-8U2V-3W6X-7Y8Z9A0B1C2D}.Debug|Any CPU.ActiveCfg = Debug|Any CPU
		{1O9P2Q6R-5S8T-8U2V-3W6X-7Y8Z9A0B1C2D}.Debug|Any CPU.Build.0 = Debug|Any CPU
		{1O9P2Q6R-5S8T-8U2V-3W6X-7Y8Z9A0B1C2D}.Release|Any CPU.ActiveCfg = Release|Any CPU
		{1O9P2Q6R-5S8T-8U2V-3W6X-7Y8Z9A0B1C2D}.Release|Any CPU.Build.0 = Release|Any CPU
		{2P0Q3R7S-6T9U-9V3W-4X7Y-8Z9A0B1C2D3E}.Debug|Any CPU.ActiveCfg = Debug|Any CPU
		{2P0Q3R7S-6T9U-9V3W-4X7Y-8Z9A0B1C2D3E}.Debug|Any CPU.Build.0 = Debug|Any CPU
		{2P0Q3R7S-6T9U-9V3W-4X7Y-8Z9A0B1C2D3E}.Release|Any CPU.ActiveCfg = Release|Any CPU
		{2P0Q3R7S-6T9U-9V3W-4X7Y-8Z9A0B1C2D3E}.Release|Any CPU.Build.0 = Release|Any CPU
		{3Q1R4S8T-7U0V-0W4X-5Y8Z-9A0B1C2D3E4F}.Debug|Any CPU.ActiveCfg = Debug|Any CPU
		{3Q1R4S8T-7U0V-0W4X-5Y8Z-9A0B1C2D3E4F}.Debug|Any CPU.Build.0 = Debug|Any CPU
		{3Q1R4S8T-7U0V-0W4X-5Y8Z-9A0B1C2D3E4F}.Release|Any CPU.ActiveCfg = Release|Any CPU
		{3Q1R4S8T-7U0V-0W4X-5Y8Z-9A0B1C2D3E4F}.Release|Any CPU.Build.0 = Release|Any CPU
		{38423635-E496-45C9-B69D-9CB89104C25E}.Debug|Any CPU.ActiveCfg = Debug|Any CPU
		{38423635-E496-45C9-B69D-9CB89104C25E}.Debug|Any CPU.Build.0 = Debug|Any CPU
		{38423635-E496-45C9-B69D-9CB89104C25E}.Release|Any CPU.ActiveCfg = Release|Any CPU
		{38423635-E496-45C9-B69D-9CB89104C25E}.Release|Any CPU.Build.0 = Release|Any CPU
	EndGlobalSection
	GlobalSection(SolutionProperties) = preSolution
		HideSolutionNode = FALSE
	EndGlobalSection
	GlobalSection(NestedProjects) = preSolution
		{6F4A8E2A-9B5C-4D3E-8F9A-1B2C3D4E5F6A} = {E64F4F8A-7E99-4C8E-8F4B-2E7A89D5F7C8}
		{7A5B8C2D-1E4F-4G8H-9I2J-3K4L5M6N7O8P} = {6F4A8E2A-9B5C-4D3E-8F9A-1B2C3D4E5F6A}
		{8B6C9D3E-2F5G-5H9I-0J3K-4L5M6N7O8P9Q} = {6F4A8E2A-9B5C-4D3E-8F9A-1B2C3D4E5F6A}
		{9C7D0E4F-3G6H-6I0J-1K4L-5M6N7O8P9Q0R} = {6F4A8E2A-9B5C-4D3E-8F9A-1B2C3D4E5F6A}
		{0D8E1F5G-4H7I-7J1K-2L5M-6N7O8P9Q0R1S} = {6F4A8E2A-9B5C-4D3E-8F9A-1B2C3D4E5F6A}
		{1E9F2G6H-5I8J-8K2L-3M6N-7O8P9Q0R1S2T} = {E64F4F8A-7E99-4C8E-8F4B-2E7A89D5F7C8}
		{3G1H4I8J-7K0L-0M4N-5O8P-9Q0R1S2T3U4V} = {7A5B8C2D-1E4F-4G8H-9I2J-3K4L5M6N7O8P}
		{4H2I5J9K-8L1M-1N5O-6P9Q-0R1S2T3U4V5W} = {7A5B8C2D-1E4F-4G8H-9I2J-3K4L5M6N7O8P}
		{5I3J6K0L-9M2N-2O6P-7Q0R-1S2T3U4V5W6X} = {7A5B8C2D-1E4F-4G8H-9I2J-3K4L5M6N7O8P}
		{6J4K7L1M-0N3O-3P7Q-8R1S-2T3U4V5W6X7Y} = {8B6C9D3E-2F5G-5H9I-0J3K-4L5M6N7O8P9Q}
		{7K5L8M2N-1O4P-4Q8R-9S2T-3U4V5W6X7Y8Z} = {8B6C9D3E-2F5G-5H9I-0J3K-4L5M6N7O8P9Q}
		{8L6M9N3O-2P5Q-5R9S-0T3U-4V5W6X7Y8Z9A} = {8B6C9D3E-2F5G-5H9I-0J3K-4L5M6N7O8P9Q}
		{9M7N0O4P-3Q6R-6S0T-1U4V-5W6X7Y8Z9A0B} = {9C7D0E4F-3G6H-6I0J-1K4L-5M6N7O8P9Q0R}
		{0N8O1P5Q-4R7S-7T1U-2V5W-6X7Y8Z9A0B1C} = {0D8E1F5G-4H7I-7J1K-2L5M-6N7O8P9Q0R1S}
		{1O9P2Q6R-5S8T-8U2V-3W6X-7Y8Z9A0B1C2D} = {1E9F2G6H-5I8J-8K2L-3M6N-7O8P9Q0R1S2T}
		{2P0Q3R7S-6T9U-9V3W-4X7Y-8Z9A0B1C2D3E} = {1E9F2G6H-5I8J-8K2L-3M6N-7O8P9Q0R1S2T}
		{3Q1R4S8T-7U0V-0W4X-5Y8Z-9A0B1C2D3E4F} = {1E9F2G6H-5I8J-8K2L-3M6N-7O8P9Q0R1S2T}
		{38423635-E496-45C9-B69D-9CB89104C25E} = {2F0G3H7I-6J9K-9L3M-4N7O-8P9Q0R1S2T3U}
	EndGlobalSection
EndGlobal
